
Microsoft Visual Studio Solution File, Format Version 12.00
# Visual Studio Version 17
VisualStudioVersion = 17.9.34622.214
MinimumVisualStudioVersion = 10.0.40219.1
Project("{8BC9CEB8-8B4A-11D0-8D11-00A0C91BC942}") = "Test_4.11", "Test_4.11\Test_4.11.vcxproj", "{57419437-F9F0-42B7-8698-794D1DF931D7}"
EndProject
Global
	GlobalSection(SolutionConfigurationPlatforms) = preSolution
		Debug|x64 = Debug|x64
		Debug|x86 = Debug|x86
		Release|x64 = Release|x64
		Release|x86 = Release|x86
	EndGlobalSection
	GlobalSection(ProjectConfigurationPlatforms) = postSolution
		{57419437-F9F0-42B7-8698-794D1DF931D7}.Debug|x64.ActiveCfg = Debug|x64
		{57419437-F9F0-42B7-8698-794D1DF931D7}.Debug|x64.Build.0 = Debug|x64
		{57419437-F9F0-42B7-8698-794D1DF931D7}.Debug|x86.ActiveCfg = Debug|Win32
		{57419437-F9F0-42B7-8698-794D1DF931D7}.Debug|x86.Build.0 = Debug|Win32
		{57419437-F9F0-42B7-8698-794D1DF931D7}.Release|x64.ActiveCfg = Release|x64
		{57419437-F9F0-42B7-8698-794D1DF931D7}.Release|x64.Build.0 = Release|x64
		{57419437-F9F0-42B7-8698-794D1DF931D7}.Release|x86.ActiveCfg = Release|Win32
		{57419437-F9F0-42B7-8698-794D1DF931D7}.Release|x86.Build.0 = Release|Win32
	EndGlobalSection
	GlobalSection(SolutionProperties) = preSolution
		HideSolutionNode = FALSE
	EndGlobalSection
	GlobalSection(ExtensibilityGlobals) = postSolution
		SolutionGuid = {F888EB11-6B8D-4417-BC04-A69436C4ABA7}
	EndGlobalSection
EndGlobal
