
Microsoft Visual Studio Solution File, Format Version 12.00
# Visual Studio Version 17
VisualStudioVersion = 17.9.34622.214
MinimumVisualStudioVersion = 10.0.40219.1
Project("{8BC9CEB8-8B4A-11D0-8D11-00A0C91BC942}") = "Test_4.16", "Test_4.16\Test_4.16.vcxproj", "{6D912BA8-4D9A-4045-8400-62BC0AA18366}"
EndProject
Global
	GlobalSection(SolutionConfigurationPlatforms) = preSolution
		Debug|x64 = Debug|x64
		Debug|x86 = Debug|x86
		Release|x64 = Release|x64
		Release|x86 = Release|x86
	EndGlobalSection
	GlobalSection(ProjectConfigurationPlatforms) = postSolution
		{6D912BA8-4D9A-4045-8400-62BC0AA18366}.Debug|x64.ActiveCfg = Debug|x64
		{6D912BA8-4D9A-4045-8400-62BC0AA18366}.Debug|x64.Build.0 = Debug|x64
		{6D912BA8-4D9A-4045-8400-62BC0AA18366}.Debug|x86.ActiveCfg = Debug|Win32
		{6D912BA8-4D9A-4045-8400-62BC0AA18366}.Debug|x86.Build.0 = Debug|Win32
		{6D912BA8-4D9A-4045-8400-62BC0AA18366}.Release|x64.ActiveCfg = Release|x64
		{6D912BA8-4D9A-4045-8400-62BC0AA18366}.Release|x64.Build.0 = Release|x64
		{6D912BA8-4D9A-4045-8400-62BC0AA18366}.Release|x86.ActiveCfg = Release|Win32
		{6D912BA8-4D9A-4045-8400-62BC0AA18366}.Release|x86.Build.0 = Release|Win32
	EndGlobalSection
	GlobalSection(SolutionProperties) = preSolution
		HideSolutionNode = FALSE
	EndGlobalSection
	GlobalSection(ExtensibilityGlobals) = postSolution
		SolutionGuid = {2D8A6D1C-9E32-43B3-A92C-A95322A159D5}
	EndGlobalSection
EndGlobal
