
Microsoft Visual Studio Solution File, Format Version 12.00
# Visual Studio Version 17
VisualStudioVersion = 17.9.34622.214
MinimumVisualStudioVersion = 10.0.40219.1
Project("{8BC9CEB8-8B4A-11D0-8D11-00A0C91BC942}") = "Test_3.7", "Test_3.7\Test_3.7.vcxproj", "{65D7C518-E48D-40F5-8D1D-5E62FAD6CF01}"
EndProject
Global
	GlobalSection(SolutionConfigurationPlatforms) = preSolution
		Debug|x64 = Debug|x64
		Debug|x86 = Debug|x86
		Release|x64 = Release|x64
		Release|x86 = Release|x86
	EndGlobalSection
	GlobalSection(ProjectConfigurationPlatforms) = postSolution
		{65D7C518-E48D-40F5-8D1D-5E62FAD6CF01}.Debug|x64.ActiveCfg = Debug|x64
		{65D7C518-E48D-40F5-8D1D-5E62FAD6CF01}.Debug|x64.Build.0 = Debug|x64
		{65D7C518-E48D-40F5-8D1D-5E62FAD6CF01}.Debug|x86.ActiveCfg = Debug|Win32
		{65D7C518-E48D-40F5-8D1D-5E62FAD6CF01}.Debug|x86.Build.0 = Debug|Win32
		{65D7C518-E48D-40F5-8D1D-5E62FAD6CF01}.Release|x64.ActiveCfg = Release|x64
		{65D7C518-E48D-40F5-8D1D-5E62FAD6CF01}.Release|x64.Build.0 = Release|x64
		{65D7C518-E48D-40F5-8D1D-5E62FAD6CF01}.Release|x86.ActiveCfg = Release|Win32
		{65D7C518-E48D-40F5-8D1D-5E62FAD6CF01}.Release|x86.Build.0 = Release|Win32
	EndGlobalSection
	GlobalSection(SolutionProperties) = preSolution
		HideSolutionNode = FALSE
	EndGlobalSection
	GlobalSection(ExtensibilityGlobals) = postSolution
		SolutionGuid = {50466859-4F78-4461-A1FB-88056BE0B1AA}
	EndGlobalSection
EndGlobal
